github.com/Masterminds/semver/v3 v3.1.1 h1:hLg3sBzpNErnxhQtUy/mmLR2I9foDujNK030IGemrRc=
github.com/Masterminds/semver/v3 v3.1.1/go.mod h1:VPu/7SZ7ePZ3QOrcuXROw5FAcLl4a0cBrbBpGY/8hQs=
github.com/aws/aws-cdk-go/awscdk v1.152.0-devpreview h1:D10yOX5hNB/V358sP2SUNKfE9xpMkipt99iHfGpCzpU=
github.com/aws/aws-cdk-go/awscdk v1.152.0-devpreview/go.mod h1:WQOkYNlZ55XTnxJLFqwfamq2C+iMDtHb6rOfG+m/pO0=
github.com/aws/constructs-go/constructs/v3 v3.3.253/go.mod h1:4FvBHW1fYWFF+3421qEXzPFqJTEHzwvH17Sa0ZJwS6I=
github.com/aws/constructs-go/constructs/v3 v3.3.263/go.mod h1:xA1Jzr1g8bcPk5THiyYdyGA/lmRiXp5kPFoGxCg7uaU=
github.com/aws/constructs-go/constructs/v3 v3.3.266 h1:4taLlDh5es9y6CbxPQ3FcckZsjUYkUn0i642mOJRkVw=
github.com/aws/constructs-go/constructs/v3 v3.3.266/go.mod h1:xA1Jzr1g8bcPk5THiyYdyGA/lmRiXp5kPFoGxCg7uaU=
github.com/aws/jsii-runtime-go v1.55.1/go.mod h1:9htokR2a9XpRcbNf3fwqPaTs0CpC3KJCOUDMMJvEgZQ=
github.com/aws/jsii-runtime-go v1.56.0 h1:Kd5s1B941Dcy+4ARt+1yvgtZmBLOrpxH9WaZD3sKMrA=
github.com/aws/jsii-runtime-go v1.56.0/go.mod h1:OPeobFzUctDjq8EXbRZbIphpzQg3lzMs8KH09xuHyk0=
github.com/cdk8s-team/cdk8s-core-go/cdk8s v1.5.67 h1:+vscPDyTqKd1MB/Gd+0YLxqLsGhwfeACxkkGw/CIBEY=
github.com/cdk8s-team/cdk8s-core-go/cdk8s v1.5.67/go.mod h1:Sie4hDMJ/9MRg8xtycKrl4aAP7d0gr7e34E1GIJweIo=
github.com/cdk8s-team/cdk8s-plus-go/cdk8splus21 v1.0.0-beta.135 h1:E5L1HXlboN4Q/fpktpj5ImGbDpQu7qBl/HGmlDkh7Gs=
github.com/cdk8s-team/cdk8s-plus-go/cdk8splus21 v1.0.0-beta.135/go.mod h1:ao/OguBUzCD2KVIB/QrDK/jhR8NpdgVxFVeVBW0gIlE=
github.com/davecgh/go-spew v1.1.0/go.mod h1:J7Y8YcW2NihsgmVo/mv3lAwl/skON4iLHjSsI+c5H38=
github.com/davecgh/go-spew v1.1.1 h1:vj9j/u1bqnvCEfJOwUhtlOARqs3+rkHYY13jYWTU97c=
github.com/davecgh/go-spew v1.1.1/go.mod h1:J7Y8YcW2NihsgmVo/mv3lAwl/skON4iLHjSsI+c5H38=
github.com/pmezard/go-difflib v1.0.0 h1:4DBwDE0NGyQoBHbLQYPwSUPoCMWR5BEzIk/f1lZbAQM=
github.com/pmezard/go-difflib v1.0.0/go.mod h1:iKH77koFhYxTK1pcRnkKkqfTogsbg7gZNVY4sRDYZ/4=
github.com/stretchr/objx v0.1.0/go.mod h1:HFkY916IF+rwdDfMAkV7OtwuqBVzrE8GR6GFx+wExME=
github.com/stretchr/testify v1.7.0/go.mod h1:6Fq8oRcR53rry900zMqJjRRixrwX3KX962/h/Wwjteg=
github.com/stretchr/testify v1.7.1 h1:5TQK59W5E3v0r2duFAb7P95B6hEeOyEnHRa8MjYSMTY=
github.com/stretchr/testify v1.7.1/go.mod h1:6Fq8oRcR53rry900zMqJjRRixrwX3KX962/h/Wwjteg=
gopkg.in/check.v1 v0.0.0-20161208181325-20d25e280405/go.mod h1:Co6ibVJAznAaIkqp8huTwlJQCZ016jof/cbN4VW5Yz0=
gopkg.in/yaml.v3 v3.0.0-20200313102051-9f266ea9e77c/go.mod h1:K4uyk7z7BCEPqu6E+C64Yfv1cQ7kz7rIZviUmN+EgEM=
gopkg.in/yaml.v3 v3.0.0-20210107192922-496545a6307b h1:h8qDotaEPuJATrMmW04NCwg7v22aHH28wwpauUhK9Oo=
gopkg.in/yaml.v3 v3.0.0-20210107192922-496545a6307b/go.mod h1:K4uyk7z7BCEPqu6E+C64Yfv1cQ7kz7rIZviUmN+EgEM=
